
Microsoft Visual Studio Solution File, Format Version 12.00
# Visual Studio Version 17
VisualStudioVersion = 17.8.34525.116
MinimumVisualStudioVersion = 10.0.40219.1
Project("{FAE04EC0-301F-11D3-BF4B-00C04F79EFBC}") = "miniteste", "miniteste\miniteste.csproj", "{30B8352E-9F3A-4271-ABE2-4A76894163B3}"
EndProject
Global
	GlobalSection(SolutionConfigurationPlatforms) = preSolution
		Debug|Any CPU = Debug|Any CPU
		Release|Any CPU = Release|Any CPU
	EndGlobalSection
	GlobalSection(ProjectConfigurationPlatforms) = postSolution
		{30B8352E-9F3A-4271-ABE2-4A76894163B3}.Debug|Any CPU.ActiveCfg = Debug|Any CPU
		{30B8352E-9F3A-4271-ABE2-4A76894163B3}.Debug|Any CPU.Build.0 = Debug|Any CPU
		{30B8352E-9F3A-4271-ABE2-4A76894163B3}.Release|Any CPU.ActiveCfg = Release|Any CPU
		{30B8352E-9F3A-4271-ABE2-4A76894163B3}.Release|Any CPU.Build.0 = Release|Any CPU
	EndGlobalSection
	GlobalSection(SolutionProperties) = preSolution
		HideSolutionNode = FALSE
	EndGlobalSection
	GlobalSection(ExtensibilityGlobals) = postSolution
		SolutionGuid = {B77FCEB0-2179-4E2D-B44E-0A18F60DF659}
	EndGlobalSection
EndGlobal
